
Microsoft Visual Studio Solution File, Format Version 12.00
# Visual Studio Version 16
VisualStudioVersion = 16.0.29230.47
MinimumVisualStudioVersion = 15.0.26124.0
Project("{2150E333-8FDC-42A3-9474-1A3956D46DE8}") = "src", "src", "{62DBA225-3C0B-4A88-9852-C6BDACA0CD8F}"
EndProject
Project("{9A19103F-16F7-4668-BE54-9A1E7A4F7556}") = "PeopleViewer", "src\PeopleViewer\PeopleViewer.csproj", "{066C9CD3-1203-4153-AE10-A818F8036B27}"
EndProject
Project("{9A19103F-16F7-4668-BE54-9A1E7A4F7556}") = "PeopleRepository.Interface", "src\PeopleRepository.Interface\PeopleRepository.Interface.csproj", "{98F9E0CA-8E94-4254-9696-080F4DC607E1}"
EndProject
Project("{9A19103F-16F7-4668-BE54-9A1E7A4F7556}") = "PeopleRepository.Csv", "src\PeopleRepository.Csv\PeopleRepository.Csv.csproj", "{6258A896-D680-4313-87D7-89FCCF9925A5}"
EndProject
Project("{9A19103F-16F7-4668-BE54-9A1E7A4F7556}") = "PluginLoader", "src\PluginLoader\PluginLoader.csproj", "{5CFB023E-240F-409A-8289-9DDBCD607C34}"
EndProject
Global
	GlobalSection(SolutionConfigurationPlatforms) = preSolution
		Debug|Any CPU = Debug|Any CPU
		Debug|x64 = Debug|x64
		Debug|x86 = Debug|x86
		Release|Any CPU = Release|Any CPU
		Release|x64 = Release|x64
		Release|x86 = Release|x86
	EndGlobalSection
	GlobalSection(ProjectConfigurationPlatforms) = postSolution
		{066C9CD3-1203-4153-AE10-A818F8036B27}.Debug|Any CPU.ActiveCfg = Debug|Any CPU
		{066C9CD3-1203-4153-AE10-A818F8036B27}.Debug|Any CPU.Build.0 = Debug|Any CPU
		{066C9CD3-1203-4153-AE10-A818F8036B27}.Debug|x64.ActiveCfg = Debug|Any CPU
		{066C9CD3-1203-4153-AE10-A818F8036B27}.Debug|x64.Build.0 = Debug|Any CPU
		{066C9CD3-1203-4153-AE10-A818F8036B27}.Debug|x86.ActiveCfg = Debug|Any CPU
		{066C9CD3-1203-4153-AE10-A818F8036B27}.Debug|x86.Build.0 = Debug|Any CPU
		{066C9CD3-1203-4153-AE10-A818F8036B27}.Release|Any CPU.ActiveCfg = Release|Any CPU
		{066C9CD3-1203-4153-AE10-A818F8036B27}.Release|Any CPU.Build.0 = Release|Any CPU
		{066C9CD3-1203-4153-AE10-A818F8036B27}.Release|x64.ActiveCfg = Release|Any CPU
		{066C9CD3-1203-4153-AE10-A818F8036B27}.Release|x64.Build.0 = Release|Any CPU
		{066C9CD3-1203-4153-AE10-A818F8036B27}.Release|x86.ActiveCfg = Release|Any CPU
		{066C9CD3-1203-4153-AE10-A818F8036B27}.Release|x86.Build.0 = Release|Any CPU
		{98F9E0CA-8E94-4254-9696-080F4DC607E1}.Debug|Any CPU.ActiveCfg = Debug|Any CPU
		{98F9E0CA-8E94-4254-9696-080F4DC607E1}.Debug|Any CPU.Build.0 = Debug|Any CPU
		{98F9E0CA-8E94-4254-9696-080F4DC607E1}.Debug|x64.ActiveCfg = Debug|Any CPU
		{98F9E0CA-8E94-4254-9696-080F4DC607E1}.Debug|x64.Build.0 = Debug|Any CPU
		{98F9E0CA-8E94-4254-9696-080F4DC607E1}.Debug|x86.ActiveCfg = Debug|Any CPU
		{98F9E0CA-8E94-4254-9696-080F4DC607E1}.Debug|x86.Build.0 = Debug|Any CPU
		{98F9E0CA-8E94-4254-9696-080F4DC607E1}.Release|Any CPU.ActiveCfg = Release|Any CPU
		{98F9E0CA-8E94-4254-9696-080F4DC607E1}.Release|Any CPU.Build.0 = Release|Any CPU
		{98F9E0CA-8E94-4254-9696-080F4DC607E1}.Release|x64.ActiveCfg = Release|Any CPU
		{98F9E0CA-8E94-4254-9696-080F4DC607E1}.Release|x64.Build.0 = Release|Any CPU
		{98F9E0CA-8E94-4254-9696-080F4DC607E1}.Release|x86.ActiveCfg = Release|Any CPU
		{98F9E0CA-8E94-4254-9696-080F4DC607E1}.Release|x86.Build.0 = Release|Any CPU
		{6258A896-D680-4313-87D7-89FCCF9925A5}.Debug|Any CPU.ActiveCfg = Debug|Any CPU
		{6258A896-D680-4313-87D7-89FCCF9925A5}.Debug|Any CPU.Build.0 = Debug|Any CPU
		{6258A896-D680-4313-87D7-89FCCF9925A5}.Debug|x64.ActiveCfg = Debug|Any CPU
		{6258A896-D680-4313-87D7-89FCCF9925A5}.Debug|x64.Build.0 = Debug|Any CPU
		{6258A896-D680-4313-87D7-89FCCF9925A5}.Debug|x86.ActiveCfg = Debug|Any CPU
		{6258A896-D680-4313-87D7-89FCCF9925A5}.Debug|x86.Build.0 = Debug|Any CPU
		{6258A896-D680-4313-87D7-89FCCF9925A5}.Release|Any CPU.ActiveCfg = Release|Any CPU
		{6258A896-D680-4313-87D7-89FCCF9925A5}.Release|Any CPU.Build.0 = Release|Any CPU
		{6258A896-D680-4313-87D7-89FCCF9925A5}.Release|x64.ActiveCfg = Release|Any CPU
		{6258A896-D680-4313-87D7-89FCCF9925A5}.Release|x64.Build.0 = Release|Any CPU
		{6258A896-D680-4313-87D7-89FCCF9925A5}.Release|x86.ActiveCfg = Release|Any CPU
		{6258A896-D680-4313-87D7-89FCCF9925A5}.Release|x86.Build.0 = Release|Any CPU
		{5CFB023E-240F-409A-8289-9DDBCD607C34}.Debug|Any CPU.ActiveCfg = Debug|Any CPU
		{5CFB023E-240F-409A-8289-9DDBCD607C34}.Debug|Any CPU.Build.0 = Debug|Any CPU
		{5CFB023E-240F-409A-8289-9DDBCD607C34}.Debug|x64.ActiveCfg = Debug|Any CPU
		{5CFB023E-240F-409A-8289-9DDBCD607C34}.Debug|x64.Build.0 = Debug|Any CPU
		{5CFB023E-240F-409A-8289-9DDBCD607C34}.Debug|x86.ActiveCfg = Debug|Any CPU
		{5CFB023E-240F-409A-8289-9DDBCD607C34}.Debug|x86.Build.0 = Debug|Any CPU
		{5CFB023E-240F-409A-8289-9DDBCD607C34}.Release|Any CPU.ActiveCfg = Release|Any CPU
		{5CFB023E-240F-409A-8289-9DDBCD607C34}.Release|Any CPU.Build.0 = Release|Any CPU
		{5CFB023E-240F-409A-8289-9DDBCD607C34}.Release|x64.ActiveCfg = Release|Any CPU
		{5CFB023E-240F-409A-8289-9DDBCD607C34}.Release|x64.Build.0 = Release|Any CPU
		{5CFB023E-240F-409A-8289-9DDBCD607C34}.Release|x86.ActiveCfg = Release|Any CPU
		{5CFB023E-240F-409A-8289-9DDBCD607C34}.Release|x86.Build.0 = Release|Any CPU
	EndGlobalSection
	GlobalSection(SolutionProperties) = preSolution
		HideSolutionNode = FALSE
	EndGlobalSection
	GlobalSection(NestedProjects) = preSolution
		{066C9CD3-1203-4153-AE10-A818F8036B27} = {62DBA225-3C0B-4A88-9852-C6BDACA0CD8F}
		{98F9E0CA-8E94-4254-9696-080F4DC607E1} = {62DBA225-3C0B-4A88-9852-C6BDACA0CD8F}
		{6258A896-D680-4313-87D7-89FCCF9925A5} = {62DBA225-3C0B-4A88-9852-C6BDACA0CD8F}
		{5CFB023E-240F-409A-8289-9DDBCD607C34} = {62DBA225-3C0B-4A88-9852-C6BDACA0CD8F}
	EndGlobalSection
	GlobalSection(ExtensibilityGlobals) = postSolution
		SolutionGuid = {A4E0162F-8E08-4872-BEB0-151B23F14731}
	EndGlobalSection
EndGlobal
